
Microsoft Visual Studio Solution File, Format Version 12.00
# Visual Studio Version 17
VisualStudioVersion = 17.13.35913.81
MinimumVisualStudioVersion = 10.0.40219.1
Project("{FAE04EC0-301F-11D3-BF4B-00C04F79EFBC}") = "VehicleRental", "VehicleRental\VehicleRental.csproj", "{4953A3E9-9F8D-4C03-AA68-034AF563D2AA}"
EndProject
Global
	GlobalSection(SolutionConfigurationPlatforms) = preSolution
		Debug|Any CPU = Debug|Any CPU
		Release|Any CPU = Release|Any CPU
	EndGlobalSection
	GlobalSection(ProjectConfigurationPlatforms) = postSolution
		{4953A3E9-9F8D-4C03-AA68-034AF563D2AA}.Debug|Any CPU.ActiveCfg = Debug|Any CPU
		{4953A3E9-9F8D-4C03-AA68-034AF563D2AA}.Debug|Any CPU.Build.0 = Debug|Any CPU
		{4953A3E9-9F8D-4C03-AA68-034AF563D2AA}.Release|Any CPU.ActiveCfg = Release|Any CPU
		{4953A3E9-9F8D-4C03-AA68-034AF563D2AA}.Release|Any CPU.Build.0 = Release|Any CPU
	EndGlobalSection
	GlobalSection(SolutionProperties) = preSolution
		HideSolutionNode = FALSE
	EndGlobalSection
	GlobalSection(ExtensibilityGlobals) = postSolution
		SolutionGuid = {F2588AE3-B095-4AF9-914B-4B3F07F5EF9E}
	EndGlobalSection
EndGlobal
